
Microsoft Visual Studio Solution File, Format Version 12.00
# Visual Studio Version 17
VisualStudioVersion = 17.0.31903.59
MinimumVisualStudioVersion = 10.0.40219.1
Project("{2150E333-8FDC-42A3-9474-1A3956D46DE8}") = "src", "src", "{41BCEAF9-D51E-476D-B2E0-C4F85B2C3FCD}"
EndProject
Project("{FAE04EC0-301F-11D3-BF4B-00C04F79EFBC}") = "Kethan.DevToys.Tailwind.ClosestColor", "src\Kethan.DevToys.Tailwind.ClosestColor\Kethan.DevToys.Tailwind.ClosestColor.csproj", "{BF39096A-493E-4190-B412-299E44A4BAC4}"
EndProject
Global
	GlobalSection(SolutionConfigurationPlatforms) = preSolution
		Debug|Any CPU = Debug|Any CPU
		Release|Any CPU = Release|Any CPU
	EndGlobalSection
	GlobalSection(SolutionProperties) = preSolution
		HideSolutionNode = FALSE
	EndGlobalSection
	GlobalSection(ProjectConfigurationPlatforms) = postSolution
		{BF39096A-493E-4190-B412-299E44A4BAC4}.Debug|Any CPU.ActiveCfg = Debug|Any CPU
		{BF39096A-493E-4190-B412-299E44A4BAC4}.Debug|Any CPU.Build.0 = Debug|Any CPU
		{BF39096A-493E-4190-B412-299E44A4BAC4}.Release|Any CPU.ActiveCfg = Release|Any CPU
		{BF39096A-493E-4190-B412-299E44A4BAC4}.Release|Any CPU.Build.0 = Release|Any CPU
	EndGlobalSection
	GlobalSection(NestedProjects) = preSolution
		{BF39096A-493E-4190-B412-299E44A4BAC4} = {41BCEAF9-D51E-476D-B2E0-C4F85B2C3FCD}
	EndGlobalSection
EndGlobal
